
Microsoft Visual Studio Solution File, Format Version 12.00
# Visual Studio Version 16
VisualStudioVersion = 16.0.33801.447
MinimumVisualStudioVersion = 10.0.40219.1
Project("{FAE04EC0-301F-11D3-BF4B-00C04F79EFBC}") = "BookApplicationAPP", "BookApplicationAPP\BookApplicationAPP.csproj", "{F6572F3C-4121-45F4-B6C5-11A4E8510A2F}"
EndProject
Global
	GlobalSection(SolutionConfigurationPlatforms) = preSolution
		Debug|Any CPU = Debug|Any CPU
		Release|Any CPU = Release|Any CPU
	EndGlobalSection
	GlobalSection(ProjectConfigurationPlatforms) = postSolution
		{F6572F3C-4121-45F4-B6C5-11A4E8510A2F}.Debug|Any CPU.ActiveCfg = Debug|Any CPU
		{F6572F3C-4121-45F4-B6C5-11A4E8510A2F}.Debug|Any CPU.Build.0 = Debug|Any CPU
		{F6572F3C-4121-45F4-B6C5-11A4E8510A2F}.Release|Any CPU.ActiveCfg = Release|Any CPU
		{F6572F3C-4121-45F4-B6C5-11A4E8510A2F}.Release|Any CPU.Build.0 = Release|Any CPU
	EndGlobalSection
	GlobalSection(SolutionProperties) = preSolution
		HideSolutionNode = FALSE
	EndGlobalSection
	GlobalSection(ExtensibilityGlobals) = postSolution
		SolutionGuid = {DC31E24E-6A4B-45A7-B9EE-81BF0A8353E4}
	EndGlobalSection
EndGlobal
